// !$*UTF8*$!
{
	archiveVersion = 1;
	classes = {
	};
	objectVersion = 55;
	objects = {

/* Begin PBXBuildFile section */
		B201119828D3167400E21359 /* Neumorphic in Frameworks */ = {isa = PBXBuildFile; productRef = B201119728D3167400E21359 /* Neumorphic */; };
		B201B12C29102E6B00F80B57 /* BlurView.swift in Sources */ = {isa = PBXBuildFile; fileRef = B201B12B29102E6B00F80B57 /* BlurView.swift */; };
		B201BCE028ED9A1300A2E489 /* ExchangeRate.swift in Sources */ = {isa = PBXBuildFile; fileRef = B201BCDF28ED9A1300A2E489 /* ExchangeRate.swift */; };
		B201BCE228ED9A3600A2E489 /* BaseAdaptor.swift in Sources */ = {isa = PBXBuildFile; fileRef = B201BCE128ED9A3600A2E489 /* BaseAdaptor.swift */; };
		B201BCE428ED9A5B00A2E489 /* Define.swift in Sources */ = {isa = PBXBuildFile; fileRef = B201BCE328ED9A5B00A2E489 /* Define.swift */; };
		B201BCE628ED9AB100A2E489 /* Config.swift in Sources */ = {isa = PBXBuildFile; fileRef = B201BCE528ED9AB100A2E489 /* Config.swift */; };
		B201BCE828ED9BBD00A2E489 /* NavigationUtil.swift in Sources */ = {isa = PBXBuildFile; fileRef = B201BCE728ED9BBD00A2E489 /* NavigationUtil.swift */; };
		B201BCEB28ED9ED100A2E489 /* MTUtils.swift in Sources */ = {isa = PBXBuildFile; fileRef = B201BCEA28ED9ED100A2E489 /* MTUtils.swift */; };
		B201BCED28ED9EFD00A2E489 /* Currency.swift in Sources */ = {isa = PBXBuildFile; fileRef = B201BCEC28ED9EFD00A2E489 /* Currency.swift */; };
		B20D84D028E2A38D0099713F /* AppDelegate.swift in Sources */ = {isa = PBXBuildFile; fileRef = B20D84CF28E2A38D0099713F /* AppDelegate.swift */; };
		B21247A328EE697900142084 /* QueryResponse.swift in Sources */ = {isa = PBXBuildFile; fileRef = B21247A228EE697900142084 /* QueryResponse.swift */; };
		B228059628DB187F00367CD2 /* Gajkley.otf in Resources */ = {isa = PBXBuildFile; fileRef = B228059528DB187F00367CD2 /* Gajkley.otf */; };
		B22E454728E4294C007E92A2 /* Roboto-Medium.ttf in Resources */ = {isa = PBXBuildFile; fileRef = B22E453B28E4294C007E92A2 /* Roboto-Medium.ttf */; };
		B22E454828E4294C007E92A2 /* Roboto-Light.ttf in Resources */ = {isa = PBXBuildFile; fileRef = B22E453C28E4294C007E92A2 /* Roboto-Light.ttf */; };
		B22E454928E4294C007E92A2 /* Roboto-Regular.ttf in Resources */ = {isa = PBXBuildFile; fileRef = B22E453D28E4294C007E92A2 /* Roboto-Regular.ttf */; };
		B22E454A28E4294C007E92A2 /* Roboto-MediumItalic.ttf in Resources */ = {isa = PBXBuildFile; fileRef = B22E453E28E4294C007E92A2 /* Roboto-MediumItalic.ttf */; };
		B22E454B28E4294C007E92A2 /* Roboto-ThinItalic.ttf in Resources */ = {isa = PBXBuildFile; fileRef = B22E453F28E4294C007E92A2 /* Roboto-ThinItalic.ttf */; };
		B22E454C28E4294C007E92A2 /* Roboto-BoldItalic.ttf in Resources */ = {isa = PBXBuildFile; fileRef = B22E454028E4294C007E92A2 /* Roboto-BoldItalic.ttf */; };
		B22E454D28E4294C007E92A2 /* Roboto-LightItalic.ttf in Resources */ = {isa = PBXBuildFile; fileRef = B22E454128E4294C007E92A2 /* Roboto-LightItalic.ttf */; };
		B22E454E28E4294C007E92A2 /* Roboto-Italic.ttf in Resources */ = {isa = PBXBuildFile; fileRef = B22E454228E4294C007E92A2 /* Roboto-Italic.ttf */; };
		B22E454F28E4294C007E92A2 /* Roboto-BlackItalic.ttf in Resources */ = {isa = PBXBuildFile; fileRef = B22E454328E4294C007E92A2 /* Roboto-BlackItalic.ttf */; };
		B22E455028E4294C007E92A2 /* Roboto-Bold.ttf in Resources */ = {isa = PBXBuildFile; fileRef = B22E454428E4294C007E92A2 /* Roboto-Bold.ttf */; };
		B22E455128E4294C007E92A2 /* Roboto-Thin.ttf in Resources */ = {isa = PBXBuildFile; fileRef = B22E454528E4294C007E92A2 /* Roboto-Thin.ttf */; };
		B22E455228E4294C007E92A2 /* Roboto-Black.ttf in Resources */ = {isa = PBXBuildFile; fileRef = B22E454628E4294C007E92A2 /* Roboto-Black.ttf */; };
		B22E455428E429DD007E92A2 /* FontStyle.swift in Sources */ = {isa = PBXBuildFile; fileRef = B22E455328E429DD007E92A2 /* FontStyle.swift */; };
		B233053128FDAD3E0047F623 /* ItemSelectionRate.swift in Sources */ = {isa = PBXBuildFile; fileRef = B233053028FDAD3E0047F623 /* ItemSelectionRate.swift */; };
		B238F5892900294D0091BAC6 /* CalculatorViewModel.swift in Sources */ = {isa = PBXBuildFile; fileRef = B238F5882900294D0091BAC6 /* CalculatorViewModel.swift */; };
		B24D87DF28D48BE0006A8F1E /* CalculatorButtonText.swift in Sources */ = {isa = PBXBuildFile; fileRef = B24D87DE28D48BE0006A8F1E /* CalculatorButtonText.swift */; };
		B25C3DF1290F6CF400173206 /* DataLocal.swift in Sources */ = {isa = PBXBuildFile; fileRef = B25C3DF0290F6CF400173206 /* DataLocal.swift */; };
		B25C3DF5290F7C1800173206 /* CurrenciesJson.json in Resources */ = {isa = PBXBuildFile; fileRef = B25C3DF4290F7C1800173206 /* CurrenciesJson.json */; };
		B25C3DF7290F7ED600173206 /* MaytechIntroduction.swift in Sources */ = {isa = PBXBuildFile; fileRef = B25C3DF6290F7ED600173206 /* MaytechIntroduction.swift */; };
		B25C3DF9290F7EF000173206 /* Infomation.swift in Sources */ = {isa = PBXBuildFile; fileRef = B25C3DF8290F7EF000173206 /* Infomation.swift */; };
		B25C3DFC290F7F2200173206 /* TiTiIntroductuion.swift in Sources */ = {isa = PBXBuildFile; fileRef = B25C3DFB290F7F2200173206 /* TiTiIntroductuion.swift */; };
		B25C3DFF290F812B00173206 /* HeaderNavigationBar.swift in Sources */ = {isa = PBXBuildFile; fileRef = B25C3DFE290F812B00173206 /* HeaderNavigationBar.swift */; };
		B25CE93328FE409600BB7E6E /* TextDictionary.swift in Sources */ = {isa = PBXBuildFile; fileRef = B25CE93228FE409500BB7E6E /* TextDictionary.swift */; };
		B25CE93528FE422A00BB7E6E /* ImageStyle.swift in Sources */ = {isa = PBXBuildFile; fileRef = B25CE93428FE422A00BB7E6E /* ImageStyle.swift */; };
		B2664C8B290A8ABF004F841F /* CustomAlert.swift in Sources */ = {isa = PBXBuildFile; fileRef = B2664C8A290A8ABF004F841F /* CustomAlert.swift */; };
		B28090B928FC7C790013B1BD /* ListViewSelectionRate.swift in Sources */ = {isa = PBXBuildFile; fileRef = B28090B828FC7C790013B1BD /* ListViewSelectionRate.swift */; };
		B28343BA28D0EDA200DFEAE4 /* CalculatorView.swift in Sources */ = {isa = PBXBuildFile; fileRef = B28343B928D0EDA200DFEAE4 /* CalculatorView.swift */; };
		B2868D2228DC1B480001D689 /* AltoneTrial-BoldOblique.ttf in Resources */ = {isa = PBXBuildFile; fileRef = B2868D2128DC1B480001D689 /* AltoneTrial-BoldOblique.ttf */; };
		B2868D2428DC1C670001D689 /* AltoneTrial-RegularOblique.ttf in Resources */ = {isa = PBXBuildFile; fileRef = B2868D2328DC1C670001D689 /* AltoneTrial-RegularOblique.ttf */; };
		B28DE0CB28C401A20076DBDA /* Extensions.swift in Sources */ = {isa = PBXBuildFile; fileRef = B28DE0CA28C401A20076DBDA /* Extensions.swift */; };
		B2951C96290775B200E0AA56 /* KeyboardPad.swift in Sources */ = {isa = PBXBuildFile; fileRef = B2951C95290775B200E0AA56 /* KeyboardPad.swift */; };
		B2951C98290776C700E0AA56 /* Calculator.swift in Sources */ = {isa = PBXBuildFile; fileRef = B2951C97290776C700E0AA56 /* Calculator.swift */; };
		B2951C9A29077DF800E0AA56 /* Constants.swift in Sources */ = {isa = PBXBuildFile; fileRef = B2951C9929077DF800E0AA56 /* Constants.swift */; };
		B2951C9D29077ED700E0AA56 /* CalculatorButtonStyle.swift in Sources */ = {isa = PBXBuildFile; fileRef = B2951C9C29077ED700E0AA56 /* CalculatorButtonStyle.swift */; };
		B2951C9F29077FCB00E0AA56 /* FuncMoreButtonStyle.swift in Sources */ = {isa = PBXBuildFile; fileRef = B2951C9E29077FCB00E0AA56 /* FuncMoreButtonStyle.swift */; };
		B2951CA12907C3F700E0AA56 /* CalculatorButtonImage.swift in Sources */ = {isa = PBXBuildFile; fileRef = B2951CA02907C3F700E0AA56 /* CalculatorButtonImage.swift */; };
		B29C0B1828D9A235000C3776 /* locale_identifiers.json in Resources */ = {isa = PBXBuildFile; fileRef = B29C0B1728D9A235000C3776 /* locale_identifiers.json */; };
		B29C0B1B28D9A432000C3776 /* Language.swift in Sources */ = {isa = PBXBuildFile; fileRef = B29C0B1A28D9A432000C3776 /* Language.swift */; };
		B2A0865A290FBAA900737DF0 /* NukeUI in Frameworks */ = {isa = PBXBuildFile; productRef = B2A08659290FBAA900737DF0 /* NukeUI */; };
		B2A0865C290FBAD200737DF0 /* AsyncImageView.swift in Sources */ = {isa = PBXBuildFile; fileRef = B2A0865B290FBAD200737DF0 /* AsyncImageView.swift */; };
		B2A0865E290FBDD400737DF0 /* InfoItem.swift in Sources */ = {isa = PBXBuildFile; fileRef = B2A0865D290FBDD400737DF0 /* InfoItem.swift */; };
		B2ADA2BA28EEC74C0076E849 /* CurrentRateViewModel.swift in Sources */ = {isa = PBXBuildFile; fileRef = B2ADA2B928EEC74C0076E849 /* CurrentRateViewModel.swift */; };
		B2CA9912290FDB5B00A587B0 /* HTMLStringView.swift in Sources */ = {isa = PBXBuildFile; fileRef = B2CA990F290FDB5B00A587B0 /* HTMLStringView.swift */; };
		B2CA9913290FDB5B00A587B0 /* HTMLStringReader.swift in Sources */ = {isa = PBXBuildFile; fileRef = B2CA9910290FDB5B00A587B0 /* HTMLStringReader.swift */; };
		B2CA9914290FDB5B00A587B0 /* style.css in Resources */ = {isa = PBXBuildFile; fileRef = B2CA9911290FDB5B00A587B0 /* style.css */; };
		B2CA9916290FDC8800A587B0 /* Webview.swift in Sources */ = {isa = PBXBuildFile; fileRef = B2CA9915290FDC8800A587B0 /* Webview.swift */; };
		B2CCC4D028D176080008AEC1 /* HeaderWorkingWindows.swift in Sources */ = {isa = PBXBuildFile; fileRef = B2CCC4CF28D176080008AEC1 /* HeaderWorkingWindows.swift */; };
		B2CCC4E028D18B160008AEC1 /* BodyCalculatorWorking.swift in Sources */ = {isa = PBXBuildFile; fileRef = B2CCC4DF28D18B160008AEC1 /* BodyCalculatorWorking.swift */; };
		B2EE660628FD0E70006065C7 /* ColorStyle.swift in Sources */ = {isa = PBXBuildFile; fileRef = B2EE660528FD0E70006065C7 /* ColorStyle.swift */; };
		B2F5968E28ED86F800F8CB5A /* ExchangeRateUpdates.swift in Sources */ = {isa = PBXBuildFile; fileRef = B2F5968D28ED86F800F8CB5A /* ExchangeRateUpdates.swift */; };
		B2F7631228C0FA2C0084662D /* CalculatorXApp.swift in Sources */ = {isa = PBXBuildFile; fileRef = B2F7631128C0FA2C0084662D /* CalculatorXApp.swift */; };
		B2F7631428C0FA2C0084662D /* ContentView.swift in Sources */ = {isa = PBXBuildFile; fileRef = B2F7631328C0FA2C0084662D /* ContentView.swift */; };
		B2F7631628C0FA2E0084662D /* Assets.xcassets in Resources */ = {isa = PBXBuildFile; fileRef = B2F7631528C0FA2E0084662D /* Assets.xcassets */; };
		B2F7631928C0FA2E0084662D /* Preview Assets.xcassets in Resources */ = {isa = PBXBuildFile; fileRef = B2F7631828C0FA2E0084662D /* Preview Assets.xcassets */; };
		B2F83F0D28DD76A900E45E95 /* digital-7monoitalic.ttf in Resources */ = {isa = PBXBuildFile; fileRef = B2F83F0928DD76A900E45E95 /* digital-7monoitalic.ttf */; };
		B2F83F0E28DD76A900E45E95 /* digital-7mono.ttf in Resources */ = {isa = PBXBuildFile; fileRef = B2F83F0A28DD76A900E45E95 /* digital-7mono.ttf */; };
		B2F83F0F28DD76A900E45E95 /* digital-7italic.ttf in Resources */ = {isa = PBXBuildFile; fileRef = B2F83F0B28DD76A900E45E95 /* digital-7italic.ttf */; };
		B2F83F1028DD76A900E45E95 /* digital-7.ttf in Resources */ = {isa = PBXBuildFile; fileRef = B2F83F0C28DD76A900E45E95 /* digital-7.ttf */; };
/* End PBXBuildFile section */

/* Begin PBXFileReference section */
		B201B12B29102E6B00F80B57 /* BlurView.swift */ = {isa = PBXFileReference; fileEncoding = 4; lastKnownFileType = sourcecode.swift; path = BlurView.swift; sourceTree = "<group>"; };
		B201BCDF28ED9A1300A2E489 /* ExchangeRate.swift */ = {isa = PBXFileReference; lastKnownFileType = sourcecode.swift; path = ExchangeRate.swift; sourceTree = "<group>"; };
		B201BCE128ED9A3600A2E489 /* BaseAdaptor.swift */ = {isa = PBXFileReference; lastKnownFileType = sourcecode.swift; path = BaseAdaptor.swift; sourceTree = "<group>"; };
		B201BCE328ED9A5B00A2E489 /* Define.swift */ = {isa = PBXFileReference; lastKnownFileType = sourcecode.swift; path = Define.swift; sourceTree = "<group>"; };
		B201BCE528ED9AB100A2E489 /* Config.swift */ = {isa = PBXFileReference; lastKnownFileType = sourcecode.swift; path = Config.swift; sourceTree = "<group>"; };
		B201BCE728ED9BBD00A2E489 /* NavigationUtil.swift */ = {isa = PBXFileReference; lastKnownFileType = sourcecode.swift; path = NavigationUtil.swift; sourceTree = "<group>"; };
		B201BCEA28ED9ED100A2E489 /* MTUtils.swift */ = {isa = PBXFileReference; lastKnownFileType = sourcecode.swift; path = MTUtils.swift; sourceTree = "<group>"; };
		B201BCEC28ED9EFD00A2E489 /* Currency.swift */ = {isa = PBXFileReference; lastKnownFileType = sourcecode.swift; path = Currency.swift; sourceTree = "<group>"; };
		B20D84CF28E2A38D0099713F /* AppDelegate.swift */ = {isa = PBXFileReference; lastKnownFileType = sourcecode.swift; path = AppDelegate.swift; sourceTree = "<group>"; };
		B21247A228EE697900142084 /* QueryResponse.swift */ = {isa = PBXFileReference; lastKnownFileType = sourcecode.swift; path = QueryResponse.swift; sourceTree = "<group>"; };
		B228059528DB187F00367CD2 /* Gajkley.otf */ = {isa = PBXFileReference; lastKnownFileType = file; path = Gajkley.otf; sourceTree = "<group>"; };
		B22E453B28E4294C007E92A2 /* Roboto-Medium.ttf */ = {isa = PBXFileReference; lastKnownFileType = file; path = "Roboto-Medium.ttf"; sourceTree = "<group>"; };
		B22E453C28E4294C007E92A2 /* Roboto-Light.ttf */ = {isa = PBXFileReference; lastKnownFileType = file; path = "Roboto-Light.ttf"; sourceTree = "<group>"; };
		B22E453D28E4294C007E92A2 /* Roboto-Regular.ttf */ = {isa = PBXFileReference; lastKnownFileType = file; path = "Roboto-Regular.ttf"; sourceTree = "<group>"; };
		B22E453E28E4294C007E92A2 /* Roboto-MediumItalic.ttf */ = {isa = PBXFileReference; lastKnownFileType = file; path = "Roboto-MediumItalic.ttf"; sourceTree = "<group>"; };
		B22E453F28E4294C007E92A2 /* Roboto-ThinItalic.ttf */ = {isa = PBXFileReference; lastKnownFileType = file; path = "Roboto-ThinItalic.ttf"; sourceTree = "<group>"; };
		B22E454028E4294C007E92A2 /* Roboto-BoldItalic.ttf */ = {isa = PBXFileReference; lastKnownFileType = file; path = "Roboto-BoldItalic.ttf"; sourceTree = "<group>"; };
		B22E454128E4294C007E92A2 /* Roboto-LightItalic.ttf */ = {isa = PBXFileReference; lastKnownFileType = file; path = "Roboto-LightItalic.ttf"; sourceTree = "<group>"; };
		B22E454228E4294C007E92A2 /* Roboto-Italic.ttf */ = {isa = PBXFileReference; lastKnownFileType = file; path = "Roboto-Italic.ttf"; sourceTree = "<group>"; };
		B22E454328E4294C007E92A2 /* Roboto-BlackItalic.ttf */ = {isa = PBXFileReference; lastKnownFileType = file; path = "Roboto-BlackItalic.ttf"; sourceTree = "<group>"; };
		B22E454428E4294C007E92A2 /* Roboto-Bold.ttf */ = {isa = PBXFileReference; lastKnownFileType = file; path = "Roboto-Bold.ttf"; sourceTree = "<group>"; };
		B22E454528E4294C007E92A2 /* Roboto-Thin.ttf */ = {isa = PBXFileReference; lastKnownFileType = file; path = "Roboto-Thin.ttf"; sourceTree = "<group>"; };
		B22E454628E4294C007E92A2 /* Roboto-Black.ttf */ = {isa = PBXFileReference; lastKnownFileType = file; path = "Roboto-Black.ttf"; sourceTree = "<group>"; };
		B22E455328E429DD007E92A2 /* FontStyle.swift */ = {isa = PBXFileReference; fileEncoding = 4; lastKnownFileType = sourcecode.swift; path = FontStyle.swift; sourceTree = "<group>"; };
		B233053028FDAD3E0047F623 /* ItemSelectionRate.swift */ = {isa = PBXFileReference; lastKnownFileType = sourcecode.swift; path = ItemSelectionRate.swift; sourceTree = "<group>"; };
		B238F5882900294D0091BAC6 /* CalculatorViewModel.swift */ = {isa = PBXFileReference; lastKnownFileType = sourcecode.swift; path = CalculatorViewModel.swift; sourceTree = "<group>"; };
		B24D87DE28D48BE0006A8F1E /* CalculatorButtonText.swift */ = {isa = PBXFileReference; lastKnownFileType = sourcecode.swift; path = CalculatorButtonText.swift; sourceTree = "<group>"; };
		B25C3DF0290F6CF400173206 /* DataLocal.swift */ = {isa = PBXFileReference; lastKnownFileType = sourcecode.swift; path = DataLocal.swift; sourceTree = "<group>"; };
		B25C3DF4290F7C1800173206 /* CurrenciesJson.json */ = {isa = PBXFileReference; lastKnownFileType = text.json; path = CurrenciesJson.json; sourceTree = "<group>"; };
		B25C3DF6290F7ED600173206 /* MaytechIntroduction.swift */ = {isa = PBXFileReference; lastKnownFileType = sourcecode.swift; path = MaytechIntroduction.swift; sourceTree = "<group>"; };
		B25C3DF8290F7EF000173206 /* Infomation.swift */ = {isa = PBXFileReference; lastKnownFileType = sourcecode.swift; path = Infomation.swift; sourceTree = "<group>"; };
		B25C3DFB290F7F2200173206 /* TiTiIntroductuion.swift */ = {isa = PBXFileReference; lastKnownFileType = sourcecode.swift; path = TiTiIntroductuion.swift; sourceTree = "<group>"; };
		B25C3DFE290F812B00173206 /* HeaderNavigationBar.swift */ = {isa = PBXFileReference; lastKnownFileType = sourcecode.swift; path = HeaderNavigationBar.swift; sourceTree = "<group>"; };
		B25CE93228FE409500BB7E6E /* TextDictionary.swift */ = {isa = PBXFileReference; lastKnownFileType = sourcecode.swift; path = TextDictionary.swift; sourceTree = "<group>"; };
		B25CE93428FE422A00BB7E6E /* ImageStyle.swift */ = {isa = PBXFileReference; lastKnownFileType = sourcecode.swift; path = ImageStyle.swift; sourceTree = "<group>"; };
		B2664C8A290A8ABF004F841F /* CustomAlert.swift */ = {isa = PBXFileReference; lastKnownFileType = sourcecode.swift; path = CustomAlert.swift; sourceTree = "<group>"; };
		B28090B828FC7C790013B1BD /* ListViewSelectionRate.swift */ = {isa = PBXFileReference; lastKnownFileType = sourcecode.swift; path = ListViewSelectionRate.swift; sourceTree = "<group>"; };
		B28343B928D0EDA200DFEAE4 /* CalculatorView.swift */ = {isa = PBXFileReference; lastKnownFileType = sourcecode.swift; path = CalculatorView.swift; sourceTree = "<group>"; };
		B2868D2128DC1B480001D689 /* AltoneTrial-BoldOblique.ttf */ = {isa = PBXFileReference; lastKnownFileType = file; path = "AltoneTrial-BoldOblique.ttf"; sourceTree = "<group>"; };
		B2868D2328DC1C670001D689 /* AltoneTrial-RegularOblique.ttf */ = {isa = PBXFileReference; lastKnownFileType = file; path = "AltoneTrial-RegularOblique.ttf"; sourceTree = "<group>"; };
		B28DE0CA28C401A20076DBDA /* Extensions.swift */ = {isa = PBXFileReference; lastKnownFileType = sourcecode.swift; path = Extensions.swift; sourceTree = "<group>"; };
		B2951C95290775B200E0AA56 /* KeyboardPad.swift */ = {isa = PBXFileReference; lastKnownFileType = sourcecode.swift; path = KeyboardPad.swift; sourceTree = "<group>"; };
		B2951C97290776C700E0AA56 /* Calculator.swift */ = {isa = PBXFileReference; lastKnownFileType = sourcecode.swift; path = Calculator.swift; sourceTree = "<group>"; };
		B2951C9929077DF800E0AA56 /* Constants.swift */ = {isa = PBXFileReference; lastKnownFileType = sourcecode.swift; path = Constants.swift; sourceTree = "<group>"; };
		B2951C9C29077ED700E0AA56 /* CalculatorButtonStyle.swift */ = {isa = PBXFileReference; fileEncoding = 4; lastKnownFileType = sourcecode.swift; path = CalculatorButtonStyle.swift; sourceTree = "<group>"; };
		B2951C9E29077FCB00E0AA56 /* FuncMoreButtonStyle.swift */ = {isa = PBXFileReference; lastKnownFileType = sourcecode.swift; path = FuncMoreButtonStyle.swift; sourceTree = "<group>"; };
		B2951CA02907C3F700E0AA56 /* CalculatorButtonImage.swift */ = {isa = PBXFileReference; lastKnownFileType = sourcecode.swift; path = CalculatorButtonImage.swift; sourceTree = "<group>"; };
		B29C0B1728D9A235000C3776 /* locale_identifiers.json */ = {isa = PBXFileReference; lastKnownFileType = text.json; path = locale_identifiers.json; sourceTree = "<group>"; };
		B29C0B1A28D9A432000C3776 /* Language.swift */ = {isa = PBXFileReference; lastKnownFileType = sourcecode.swift; path = Language.swift; sourceTree = "<group>"; };
		B2A0865B290FBAD200737DF0 /* AsyncImageView.swift */ = {isa = PBXFileReference; lastKnownFileType = sourcecode.swift; path = AsyncImageView.swift; sourceTree = "<group>"; };
		B2A0865D290FBDD400737DF0 /* InfoItem.swift */ = {isa = PBXFileReference; lastKnownFileType = sourcecode.swift; path = InfoItem.swift; sourceTree = "<group>"; };
		B2ADA2B928EEC74C0076E849 /* CurrentRateViewModel.swift */ = {isa = PBXFileReference; lastKnownFileType = sourcecode.swift; path = CurrentRateViewModel.swift; sourceTree = "<group>"; };
		B2CA990F290FDB5B00A587B0 /* HTMLStringView.swift */ = {isa = PBXFileReference; fileEncoding = 4; lastKnownFileType = sourcecode.swift; path = HTMLStringView.swift; sourceTree = "<group>"; };
		B2CA9910290FDB5B00A587B0 /* HTMLStringReader.swift */ = {isa = PBXFileReference; fileEncoding = 4; lastKnownFileType = sourcecode.swift; path = HTMLStringReader.swift; sourceTree = "<group>"; };
		B2CA9911290FDB5B00A587B0 /* style.css */ = {isa = PBXFileReference; fileEncoding = 4; lastKnownFileType = text.css; path = style.css; sourceTree = "<group>"; };
		B2CA9915290FDC8800A587B0 /* Webview.swift */ = {isa = PBXFileReference; lastKnownFileType = sourcecode.swift; path = Webview.swift; sourceTree = "<group>"; };
		B2CCC4CF28D176080008AEC1 /* HeaderWorkingWindows.swift */ = {isa = PBXFileReference; lastKnownFileType = sourcecode.swift; path = HeaderWorkingWindows.swift; sourceTree = "<group>"; };
		B2CCC4DA28D17FF90008AEC1 /* Info.plist */ = {isa = PBXFileReference; lastKnownFileType = text.plist; path = Info.plist; sourceTree = "<group>"; };
		B2CCC4DF28D18B160008AEC1 /* BodyCalculatorWorking.swift */ = {isa = PBXFileReference; lastKnownFileType = sourcecode.swift; path = BodyCalculatorWorking.swift; sourceTree = "<group>"; };
		B2EE660528FD0E70006065C7 /* ColorStyle.swift */ = {isa = PBXFileReference; lastKnownFileType = sourcecode.swift; path = ColorStyle.swift; sourceTree = "<group>"; };
		B2F5968D28ED86F800F8CB5A /* ExchangeRateUpdates.swift */ = {isa = PBXFileReference; lastKnownFileType = sourcecode.swift; path = ExchangeRateUpdates.swift; sourceTree = "<group>"; };
		B2F7630E28C0FA2C0084662D /* TiTiCalculator.app */ = {isa = PBXFileReference; explicitFileType = wrapper.application; includeInIndex = 0; path = TiTiCalculator.app; sourceTree = BUILT_PRODUCTS_DIR; };
		B2F7631128C0FA2C0084662D /* CalculatorXApp.swift */ = {isa = PBXFileReference; lastKnownFileType = sourcecode.swift; path = CalculatorXApp.swift; sourceTree = "<group>"; };
		B2F7631328C0FA2C0084662D /* ContentView.swift */ = {isa = PBXFileReference; lastKnownFileType = sourcecode.swift; path = ContentView.swift; sourceTree = "<group>"; };
		B2F7631528C0FA2E0084662D /* Assets.xcassets */ = {isa = PBXFileReference; lastKnownFileType = folder.assetcatalog; path = Assets.xcassets; sourceTree = "<group>"; };
		B2F7631828C0FA2E0084662D /* Preview Assets.xcassets */ = {isa = PBXFileReference; lastKnownFileType = folder.assetcatalog; path = "Preview Assets.xcassets"; sourceTree = "<group>"; };
		B2F83F0928DD76A900E45E95 /* digital-7monoitalic.ttf */ = {isa = PBXFileReference; lastKnownFileType = file; path = "digital-7monoitalic.ttf"; sourceTree = "<group>"; };
		B2F83F0A28DD76A900E45E95 /* digital-7mono.ttf */ = {isa = PBXFileReference; lastKnownFileType = file; path = "digital-7mono.ttf"; sourceTree = "<group>"; };
		B2F83F0B28DD76A900E45E95 /* digital-7italic.ttf */ = {isa = PBXFileReference; lastKnownFileType = file; path = "digital-7italic.ttf"; sourceTree = "<group>"; };
		B2F83F0C28DD76A900E45E95 /* digital-7.ttf */ = {isa = PBXFileReference; lastKnownFileType = file; path = "digital-7.ttf"; sourceTree = "<group>"; };
/* End PBXFileReference section */

/* Begin PBXFrameworksBuildPhase section */
		B2F7630B28C0FA2C0084662D /* Frameworks */ = {
			isa = PBXFrameworksBuildPhase;
			buildActionMask = 2147483647;
			files = (
				B201119828D3167400E21359 /* Neumorphic in Frameworks */,
				B2A0865A290FBAA900737DF0 /* NukeUI in Frameworks */,
			);
			runOnlyForDeploymentPostprocessing = 0;
		};
/* End PBXFrameworksBuildPhase section */

/* Begin PBXGroup section */
		B201BCDE28ED99A800A2E489 /* Adaptor */ = {
			isa = PBXGroup;
			children = (
				B201BCDF28ED9A1300A2E489 /* ExchangeRate.swift */,
				B201BCE128ED9A3600A2E489 /* BaseAdaptor.swift */,
			);
			path = Adaptor;
			sourceTree = "<group>";
		};
		B201BCE928ED9E1500A2E489 /* ViewModel */ = {
			isa = PBXGroup;
			children = (
				B2ADA2B928EEC74C0076E849 /* CurrentRateViewModel.swift */,
				B238F5882900294D0091BAC6 /* CalculatorViewModel.swift */,
				B2951C97290776C700E0AA56 /* Calculator.swift */,
			);
			path = ViewModel;
			sourceTree = "<group>";
		};
		B21247A028EE694300142084 /* Styles */ = {
			isa = PBXGroup;
			children = (
				B2951C9B29077ECC00E0AA56 /* ButtonStyles */,
				B22E455328E429DD007E92A2 /* FontStyle.swift */,
				B2CCC4D128D17F390008AEC1 /* fonts */,
				B2EE660528FD0E70006065C7 /* ColorStyle.swift */,
				B25CE93428FE422A00BB7E6E /* ImageStyle.swift */,
			);
			path = Styles;
			sourceTree = "<group>";
		};
		B21247A128EE695C00142084 /* ServerRequest */ = {
			isa = PBXGroup;
			children = (
				B21247A228EE697900142084 /* QueryResponse.swift */,
			);
			path = ServerRequest;
			sourceTree = "<group>";
		};
		B22E453A28E4294C007E92A2 /* Roboto */ = {
			isa = PBXGroup;
			children = (
				B22E453B28E4294C007E92A2 /* Roboto-Medium.ttf */,
				B22E453C28E4294C007E92A2 /* Roboto-Light.ttf */,
				B22E453D28E4294C007E92A2 /* Roboto-Regular.ttf */,
				B22E453E28E4294C007E92A2 /* Roboto-MediumItalic.ttf */,
				B22E453F28E4294C007E92A2 /* Roboto-ThinItalic.ttf */,
				B22E454028E4294C007E92A2 /* Roboto-BoldItalic.ttf */,
				B22E454128E4294C007E92A2 /* Roboto-LightItalic.ttf */,
				B22E454228E4294C007E92A2 /* Roboto-Italic.ttf */,
				B22E454328E4294C007E92A2 /* Roboto-BlackItalic.ttf */,
				B22E454428E4294C007E92A2 /* Roboto-Bold.ttf */,
				B22E454528E4294C007E92A2 /* Roboto-Thin.ttf */,
				B22E454628E4294C007E92A2 /* Roboto-Black.ttf */,
			);
			path = Roboto;
			sourceTree = "<group>";
		};
		B233052F28FDAD080047F623 /* List */ = {
			isa = PBXGroup;
			children = (
				B28090B828FC7C790013B1BD /* ListViewSelectionRate.swift */,
				B233053028FDAD3E0047F623 /* ItemSelectionRate.swift */,
			);
			path = List;
			sourceTree = "<group>";
		};
		B25C3DFA290F7EF400173206 /* info */ = {
			isa = PBXGroup;
			children = (
				B25C3DF6290F7ED600173206 /* MaytechIntroduction.swift */,
				B25C3DF8290F7EF000173206 /* Infomation.swift */,
				B25C3DFB290F7F2200173206 /* TiTiIntroductuion.swift */,
				B2A0865D290FBDD400737DF0 /* InfoItem.swift */,
			);
			name = info;
			sourceTree = "<group>";
		};
		B25C3DFD290F80EB00173206 /* Navigation */ = {
			isa = PBXGroup;
			children = (
				B25C3DFE290F812B00173206 /* HeaderNavigationBar.swift */,
			);
			path = Navigation;
			sourceTree = "<group>";
		};
		B2951C9B29077ECC00E0AA56 /* ButtonStyles */ = {
			isa = PBXGroup;
			children = (
				B2951C9C29077ED700E0AA56 /* CalculatorButtonStyle.swift */,
				B2951C9E29077FCB00E0AA56 /* FuncMoreButtonStyle.swift */,
			);
			path = ButtonStyles;
			sourceTree = "<group>";
		};
		B29C0B1628D9A1F1000C3776 /* Helper */ = {
			isa = PBXGroup;
			children = (
				B29C0B1728D9A235000C3776 /* locale_identifiers.json */,
				B201BCE328ED9A5B00A2E489 /* Define.swift */,
				B201BCE528ED9AB100A2E489 /* Config.swift */,
				B25CE93228FE409500BB7E6E /* TextDictionary.swift */,
				B2951C9929077DF800E0AA56 /* Constants.swift */,
				B25C3DF0290F6CF400173206 /* DataLocal.swift */,
				B25C3DF4290F7C1800173206 /* CurrenciesJson.json */,
			);
			path = Helper;
			sourceTree = "<group>";
		};
		B29C0B1928D9A417000C3776 /* Models */ = {
			isa = PBXGroup;
			children = (
				B29C0B1A28D9A432000C3776 /* Language.swift */,
				B201BCEC28ED9EFD00A2E489 /* Currency.swift */,
			);
			path = Models;
			sourceTree = "<group>";
		};
		B2A5772D28EFE28C0068F831 /* Button */ = {
			isa = PBXGroup;
			children = (
				B24D87DE28D48BE0006A8F1E /* CalculatorButtonText.swift */,
				B2951CA02907C3F700E0AA56 /* CalculatorButtonImage.swift */,
			);
			path = Button;
			sourceTree = "<group>";
		};
		B2CA990E290FDB5B00A587B0 /* HTMLStringView */ = {
			isa = PBXGroup;
			children = (
				B2CA990F290FDB5B00A587B0 /* HTMLStringView.swift */,
				B2CA9910290FDB5B00A587B0 /* HTMLStringReader.swift */,
				B2CA9911290FDB5B00A587B0 /* style.css */,
				B2CA9915290FDC8800A587B0 /* Webview.swift */,
			);
			path = HTMLStringView;
			sourceTree = "<group>";
		};
		B2CCC4D128D17F390008AEC1 /* fonts */ = {
			isa = PBXGroup;
			children = (
				B22E453A28E4294C007E92A2 /* Roboto */,
				B2F83F0B28DD76A900E45E95 /* digital-7italic.ttf */,
				B2F83F0928DD76A900E45E95 /* digital-7monoitalic.ttf */,
				B2F83F0A28DD76A900E45E95 /* digital-7mono.ttf */,
				B2F83F0C28DD76A900E45E95 /* digital-7.ttf */,
				B2868D2328DC1C670001D689 /* AltoneTrial-RegularOblique.ttf */,
				B2868D2128DC1B480001D689 /* AltoneTrial-BoldOblique.ttf */,
				B228059528DB187F00367CD2 /* Gajkley.otf */,
			);
			path = fonts;
			sourceTree = "<group>";
		};
		B2F7630528C0FA2B0084662D = {
			isa = PBXGroup;
			children = (
				B2F7631028C0FA2C0084662D /* TiTiCalculator */,
				B2F7630F28C0FA2C0084662D /* Products */,
			);
			sourceTree = "<group>";
		};
		B2F7630F28C0FA2C0084662D /* Products */ = {
			isa = PBXGroup;
			children = (
				B2F7630E28C0FA2C0084662D /* TiTiCalculator.app */,
			);
			name = Products;
			sourceTree = "<group>";
		};
		B2F7631028C0FA2C0084662D /* TiTiCalculator */ = {
			isa = PBXGroup;
			children = (
				B21247A128EE695C00142084 /* ServerRequest */,
				B21247A028EE694300142084 /* Styles */,
				B20D84CF28E2A38D0099713F /* AppDelegate.swift */,
				B201BCDE28ED99A800A2E489 /* Adaptor */,
				B29C0B1928D9A417000C3776 /* Models */,
				B29C0B1628D9A1F1000C3776 /* Helper */,
				B2CCC4DA28D17FF90008AEC1 /* Info.plist */,
				B201BCE928ED9E1500A2E489 /* ViewModel */,
				B2F7632428C1019B0084662D /* Utilities */,
				B2F7631F28C0FC400084662D /* Views */,
				B2F7631128C0FA2C0084662D /* CalculatorXApp.swift */,
				B2F7631328C0FA2C0084662D /* ContentView.swift */,
				B2F7631528C0FA2E0084662D /* Assets.xcassets */,
				B2F7631728C0FA2E0084662D /* Preview Content */,
			);
			path = TiTiCalculator;
			sourceTree = "<group>";
		};
		B2F7631728C0FA2E0084662D /* Preview Content */ = {
			isa = PBXGroup;
			children = (
				B2F7631828C0FA2E0084662D /* Preview Assets.xcassets */,
			);
			path = "Preview Content";
			sourceTree = "<group>";
		};
		B2F7631F28C0FC400084662D /* Views */ = {
			isa = PBXGroup;
			children = (
				B25C3DFA290F7EF400173206 /* info */,
				B2FEF14528CDDBED00046C20 /* Components */,
				B233052F28FDAD080047F623 /* List */,
				B28343B928D0EDA200DFEAE4 /* CalculatorView.swift */,
				B2CCC4CF28D176080008AEC1 /* HeaderWorkingWindows.swift */,
				B2CCC4DF28D18B160008AEC1 /* BodyCalculatorWorking.swift */,
				B2F5968D28ED86F800F8CB5A /* ExchangeRateUpdates.swift */,
				B2951C95290775B200E0AA56 /* KeyboardPad.swift */,
			);
			path = Views;
			sourceTree = "<group>";
		};
		B2F7632428C1019B0084662D /* Utilities */ = {
			isa = PBXGroup;
			children = (
				B28DE0CA28C401A20076DBDA /* Extensions.swift */,
				B201BCE728ED9BBD00A2E489 /* NavigationUtil.swift */,
				B201BCEA28ED9ED100A2E489 /* MTUtils.swift */,
			);
			path = Utilities;
			sourceTree = "<group>";
		};
		B2FEF14528CDDBED00046C20 /* Components */ = {
			isa = PBXGroup;
			children = (
				B201B12B29102E6B00F80B57 /* BlurView.swift */,
				B2CA990E290FDB5B00A587B0 /* HTMLStringView */,
				B25C3DFD290F80EB00173206 /* Navigation */,
				B2A5772D28EFE28C0068F831 /* Button */,
				B2664C8A290A8ABF004F841F /* CustomAlert.swift */,
				B2A0865B290FBAD200737DF0 /* AsyncImageView.swift */,
			);
			path = Components;
			sourceTree = "<group>";
		};
/* End PBXGroup section */

/* Begin PBXNativeTarget section */
		B2F7630D28C0FA2C0084662D /* TiTiCalculator */ = {
			isa = PBXNativeTarget;
			buildConfigurationList = B2F7631C28C0FA2E0084662D /* Build configuration list for PBXNativeTarget "TiTiCalculator" */;
			buildPhases = (
				B2F7630A28C0FA2C0084662D /* Sources */,
				B2F7630B28C0FA2C0084662D /* Frameworks */,
				B2F7630C28C0FA2C0084662D /* Resources */,
			);
			buildRules = (
			);
			dependencies = (
			);
			name = TiTiCalculator;
			packageProductDependencies = (
				B201119728D3167400E21359 /* Neumorphic */,
				B2A08659290FBAA900737DF0 /* NukeUI */,
			);
			productName = CalculatorX;
			productReference = B2F7630E28C0FA2C0084662D /* TiTiCalculator.app */;
			productType = "com.apple.product-type.application";
		};
/* End PBXNativeTarget section */

/* Begin PBXProject section */
		B2F7630628C0FA2B0084662D /* Project object */ = {
			isa = PBXProject;
			attributes = {
				BuildIndependentTargetsInParallel = 1;
				LastSwiftUpdateCheck = 1340;
				LastUpgradeCheck = 1340;
				TargetAttributes = {
					B2F7630D28C0FA2C0084662D = {
						CreatedOnToolsVersion = 13.4.1;
					};
				};
			};
			buildConfigurationList = B2F7630928C0FA2B0084662D /* Build configuration list for PBXProject "TiTiCalculator" */;
			compatibilityVersion = "Xcode 13.0";
			developmentRegion = en;
			hasScannedForEncodings = 0;
			knownRegions = (
				en,
				Base,
			);
			mainGroup = B2F7630528C0FA2B0084662D;
			packageReferences = (
				B201119628D3167400E21359 /* XCRemoteSwiftPackageReference "neumorphic" */,
				B2A08658290FBAA900737DF0 /* XCRemoteSwiftPackageReference "NukeUI" */,
			);
			productRefGroup = B2F7630F28C0FA2C0084662D /* Products */;
			projectDirPath = "";
			projectRoot = "";
			targets = (
				B2F7630D28C0FA2C0084662D /* TiTiCalculator */,
			);
		};
/* End PBXProject section */

/* Begin PBXResourcesBuildPhase section */
		B2F7630C28C0FA2C0084662D /* Resources */ = {
			isa = PBXResourcesBuildPhase;
			buildActionMask = 2147483647;
			files = (
				B22E454B28E4294C007E92A2 /* Roboto-ThinItalic.ttf in Resources */,
				B2CA9914290FDB5B00A587B0 /* style.css in Resources */,
				B22E454E28E4294C007E92A2 /* Roboto-Italic.ttf in Resources */,
				B22E455028E4294C007E92A2 /* Roboto-Bold.ttf in Resources */,
				B29C0B1828D9A235000C3776 /* locale_identifiers.json in Resources */,
				B2868D2428DC1C670001D689 /* AltoneTrial-RegularOblique.ttf in Resources */,
				B22E455228E4294C007E92A2 /* Roboto-Black.ttf in Resources */,
				B22E454828E4294C007E92A2 /* Roboto-Light.ttf in Resources */,
				B228059628DB187F00367CD2 /* Gajkley.otf in Resources */,
				B22E454A28E4294C007E92A2 /* Roboto-MediumItalic.ttf in Resources */,
				B2F83F0D28DD76A900E45E95 /* digital-7monoitalic.ttf in Resources */,
				B22E454F28E4294C007E92A2 /* Roboto-BlackItalic.ttf in Resources */,
				B2F83F0F28DD76A900E45E95 /* digital-7italic.ttf in Resources */,
				B2868D2228DC1B480001D689 /* AltoneTrial-BoldOblique.ttf in Resources */,
				B2F7631928C0FA2E0084662D /* Preview Assets.xcassets in Resources */,
				B22E454C28E4294C007E92A2 /* Roboto-BoldItalic.ttf in Resources */,
				B22E455128E4294C007E92A2 /* Roboto-Thin.ttf in Resources */,
				B22E454D28E4294C007E92A2 /* Roboto-LightItalic.ttf in Resources */,
				B2F83F0E28DD76A900E45E95 /* digital-7mono.ttf in Resources */,
				B22E454728E4294C007E92A2 /* Roboto-Medium.ttf in Resources */,
				B22E454928E4294C007E92A2 /* Roboto-Regular.ttf in Resources */,
				B2F7631628C0FA2E0084662D /* Assets.xcassets in Resources */,
				B25C3DF5290F7C1800173206 /* CurrenciesJson.json in Resources */,
				B2F83F1028DD76A900E45E95 /* digital-7.ttf in Resources */,
			);
			runOnlyForDeploymentPostprocessing = 0;
		};
/* End PBXResourcesBuildPhase section */

/* Begin PBXSourcesBuildPhase section */
		B2F7630A28C0FA2C0084662D /* Sources */ = {
			isa = PBXSourcesBuildPhase;
			buildActionMask = 2147483647;
			files = (
				B2664C8B290A8ABF004F841F /* CustomAlert.swift in Sources */,
				B28DE0CB28C401A20076DBDA /* Extensions.swift in Sources */,
				B201BCEB28ED9ED100A2E489 /* MTUtils.swift in Sources */,
				B25C3DF9290F7EF000173206 /* Infomation.swift in Sources */,
				B2EE660628FD0E70006065C7 /* ColorStyle.swift in Sources */,
				B2951C9D29077ED700E0AA56 /* CalculatorButtonStyle.swift in Sources */,
				B2951C98290776C700E0AA56 /* Calculator.swift in Sources */,
				B2CCC4E028D18B160008AEC1 /* BodyCalculatorWorking.swift in Sources */,
				B2951C9F29077FCB00E0AA56 /* FuncMoreButtonStyle.swift in Sources */,
				B2CCC4D028D176080008AEC1 /* HeaderWorkingWindows.swift in Sources */,
				B2951C9A29077DF800E0AA56 /* Constants.swift in Sources */,
				B201BCED28ED9EFD00A2E489 /* Currency.swift in Sources */,
				B25C3DFF290F812B00173206 /* HeaderNavigationBar.swift in Sources */,
				B2F7631428C0FA2C0084662D /* ContentView.swift in Sources */,
				B25CE93328FE409600BB7E6E /* TextDictionary.swift in Sources */,
				B201BCE028ED9A1300A2E489 /* ExchangeRate.swift in Sources */,
				B238F5892900294D0091BAC6 /* CalculatorViewModel.swift in Sources */,
				B20D84D028E2A38D0099713F /* AppDelegate.swift in Sources */,
				B24D87DF28D48BE0006A8F1E /* CalculatorButtonText.swift in Sources */,
				B2CA9913290FDB5B00A587B0 /* HTMLStringReader.swift in Sources */,
				B28090B928FC7C790013B1BD /* ListViewSelectionRate.swift in Sources */,
				B29C0B1B28D9A432000C3776 /* Language.swift in Sources */,
				B2F5968E28ED86F800F8CB5A /* ExchangeRateUpdates.swift in Sources */,
				B2CA9916290FDC8800A587B0 /* Webview.swift in Sources */,
				B233053128FDAD3E0047F623 /* ItemSelectionRate.swift in Sources */,
				B25CE93528FE422A00BB7E6E /* ImageStyle.swift in Sources */,
				B201BCE428ED9A5B00A2E489 /* Define.swift in Sources */,
				B25C3DFC290F7F2200173206 /* TiTiIntroductuion.swift in Sources */,
				B2A0865C290FBAD200737DF0 /* AsyncImageView.swift in Sources */,
				B2ADA2BA28EEC74C0076E849 /* CurrentRateViewModel.swift in Sources */,
				B201BCE628ED9AB100A2E489 /* Config.swift in Sources */,
				B201BCE228ED9A3600A2E489 /* BaseAdaptor.swift in Sources */,
				B201BCE828ED9BBD00A2E489 /* NavigationUtil.swift in Sources */,
				B2CA9912290FDB5B00A587B0 /* HTMLStringView.swift in Sources */,
				B25C3DF1290F6CF400173206 /* DataLocal.swift in Sources */,
				B21247A328EE697900142084 /* QueryResponse.swift in Sources */,
				B25C3DF7290F7ED600173206 /* MaytechIntroduction.swift in Sources */,
				B201B12C29102E6B00F80B57 /* BlurView.swift in Sources */,
				B28343BA28D0EDA200DFEAE4 /* CalculatorView.swift in Sources */,
				B2F7631228C0FA2C0084662D /* CalculatorXApp.swift in Sources */,
				B2A0865E290FBDD400737DF0 /* InfoItem.swift in Sources */,
				B2951C96290775B200E0AA56 /* KeyboardPad.swift in Sources */,
				B22E455428E429DD007E92A2 /* FontStyle.swift in Sources */,
				B2951CA12907C3F700E0AA56 /* CalculatorButtonImage.swift in Sources */,
			);
			runOnlyForDeploymentPostprocessing = 0;
		};
/* End PBXSourcesBuildPhase section */

/* Begin XCBuildConfiguration section */
		B2F7631A28C0FA2E0084662D /* Debug */ = {
			isa = XCBuildConfiguration;
			buildSettings = {
				ALWAYS_SEARCH_USER_PATHS = NO;
				CLANG_ANALYZER_NONNULL = YES;
				CLANG_ANALYZER_NUMBER_OBJECT_CONVERSION = YES_AGGRESSIVE;
				CLANG_CXX_LANGUAGE_STANDARD = "gnu++17";
				CLANG_ENABLE_MODULES = YES;
				CLANG_ENABLE_OBJC_ARC = YES;
				CLANG_ENABLE_OBJC_WEAK = YES;
				CLANG_WARN_BLOCK_CAPTURE_AUTORELEASING = YES;
				CLANG_WARN_BOOL_CONVERSION = YES;
				CLANG_WARN_COMMA = YES;
				CLANG_WARN_CONSTANT_CONVERSION = YES;
				CLANG_WARN_DEPRECATED_OBJC_IMPLEMENTATIONS = YES;
				CLANG_WARN_DIRECT_OBJC_ISA_USAGE = YES_ERROR;
				CLANG_WARN_DOCUMENTATION_COMMENTS = YES;
				CLANG_WARN_EMPTY_BODY = YES;
				CLANG_WARN_ENUM_CONVERSION = YES;
				CLANG_WARN_INFINITE_RECURSION = YES;
				CLANG_WARN_INT_CONVERSION = YES;
				CLANG_WARN_NON_LITERAL_NULL_CONVERSION = YES;
				CLANG_WARN_OBJC_IMPLICIT_RETAIN_SELF = YES;
				CLANG_WARN_OBJC_LITERAL_CONVERSION = YES;
				CLANG_WARN_OBJC_ROOT_CLASS = YES_ERROR;
				CLANG_WARN_QUOTED_INCLUDE_IN_FRAMEWORK_HEADER = YES;
				CLANG_WARN_RANGE_LOOP_ANALYSIS = YES;
				CLANG_WARN_STRICT_PROTOTYPES = YES;
				CLANG_WARN_SUSPICIOUS_MOVE = YES;
				CLANG_WARN_UNGUARDED_AVAILABILITY = YES_AGGRESSIVE;
				CLANG_WARN_UNREACHABLE_CODE = YES;
				CLANG_WARN__DUPLICATE_METHOD_MATCH = YES;
				COPY_PHASE_STRIP = NO;
				DEBUG_INFORMATION_FORMAT = dwarf;
				ENABLE_STRICT_OBJC_MSGSEND = YES;
				ENABLE_TESTABILITY = YES;
				GCC_C_LANGUAGE_STANDARD = gnu11;
				GCC_DYNAMIC_NO_PIC = NO;
				GCC_NO_COMMON_BLOCKS = YES;
				GCC_OPTIMIZATION_LEVEL = 0;
				GCC_PREPROCESSOR_DEFINITIONS = (
					"DEBUG=1",
					"$(inherited)",
				);
				GCC_WARN_64_TO_32_BIT_CONVERSION = YES;
				GCC_WARN_ABOUT_RETURN_TYPE = YES_ERROR;
				GCC_WARN_UNDECLARED_SELECTOR = YES;
				GCC_WARN_UNINITIALIZED_AUTOS = YES_AGGRESSIVE;
				GCC_WARN_UNUSED_FUNCTION = YES;
				GCC_WARN_UNUSED_VARIABLE = YES;
				IPHONEOS_DEPLOYMENT_TARGET = 15.5;
				MTL_ENABLE_DEBUG_INFO = INCLUDE_SOURCE;
				MTL_FAST_MATH = YES;
				ONLY_ACTIVE_ARCH = YES;
				SDKROOT = iphoneos;
				SWIFT_ACTIVE_COMPILATION_CONDITIONS = DEBUG;
				SWIFT_OPTIMIZATION_LEVEL = "-Onone";
			};
			name = Debug;
		};
		B2F7631B28C0FA2E0084662D /* Release */ = {
			isa = XCBuildConfiguration;
			buildSettings = {
				ALWAYS_SEARCH_USER_PATHS = NO;
				CLANG_ANALYZER_NONNULL = YES;
				CLANG_ANALYZER_NUMBER_OBJECT_CONVERSION = YES_AGGRESSIVE;
				CLANG_CXX_LANGUAGE_STANDARD = "gnu++17";
				CLANG_ENABLE_MODULES = YES;
				CLANG_ENABLE_OBJC_ARC = YES;
				CLANG_ENABLE_OBJC_WEAK = YES;
				CLANG_WARN_BLOCK_CAPTURE_AUTORELEASING = YES;
				CLANG_WARN_BOOL_CONVERSION = YES;
				CLANG_WARN_COMMA = YES;
				CLANG_WARN_CONSTANT_CONVERSION = YES;
				CLANG_WARN_DEPRECATED_OBJC_IMPLEMENTATIONS = YES;
				CLANG_WARN_DIRECT_OBJC_ISA_USAGE = YES_ERROR;
				CLANG_WARN_DOCUMENTATION_COMMENTS = YES;
				CLANG_WARN_EMPTY_BODY = YES;
				CLANG_WARN_ENUM_CONVERSION = YES;
				CLANG_WARN_INFINITE_RECURSION = YES;
				CLANG_WARN_INT_CONVERSION = YES;
				CLANG_WARN_NON_LITERAL_NULL_CONVERSION = YES;
				CLANG_WARN_OBJC_IMPLICIT_RETAIN_SELF = YES;
				CLANG_WARN_OBJC_LITERAL_CONVERSION = YES;
				CLANG_WARN_OBJC_ROOT_CLASS = YES_ERROR;
				CLANG_WARN_QUOTED_INCLUDE_IN_FRAMEWORK_HEADER = YES;
				CLANG_WARN_RANGE_LOOP_ANALYSIS = YES;
				CLANG_WARN_STRICT_PROTOTYPES = YES;
				CLANG_WARN_SUSPICIOUS_MOVE = YES;
				CLANG_WARN_UNGUARDED_AVAILABILITY = YES_AGGRESSIVE;
				CLANG_WARN_UNREACHABLE_CODE = YES;
				CLANG_WARN__DUPLICATE_METHOD_MATCH = YES;
				COPY_PHASE_STRIP = NO;
				DEBUG_INFORMATION_FORMAT = "dwarf-with-dsym";
				ENABLE_NS_ASSERTIONS = NO;
				ENABLE_STRICT_OBJC_MSGSEND = YES;
				GCC_C_LANGUAGE_STANDARD = gnu11;
				GCC_NO_COMMON_BLOCKS = YES;
				GCC_WARN_64_TO_32_BIT_CONVERSION = YES;
				GCC_WARN_ABOUT_RETURN_TYPE = YES_ERROR;
				GCC_WARN_UNDECLARED_SELECTOR = YES;
				GCC_WARN_UNINITIALIZED_AUTOS = YES_AGGRESSIVE;
				GCC_WARN_UNUSED_FUNCTION = YES;
				GCC_WARN_UNUSED_VARIABLE = YES;
				IPHONEOS_DEPLOYMENT_TARGET = 15.5;
				MTL_ENABLE_DEBUG_INFO = NO;
				MTL_FAST_MATH = YES;
				SDKROOT = iphoneos;
				SWIFT_COMPILATION_MODE = wholemodule;
				SWIFT_OPTIMIZATION_LEVEL = "-O";
				VALIDATE_PRODUCT = YES;
			};
			name = Release;
		};
		B2F7631D28C0FA2E0084662D /* Debug */ = {
			isa = XCBuildConfiguration;
			buildSettings = {
				ASSETCATALOG_COMPILER_APPICON_NAME = AppIcon;
				ASSETCATALOG_COMPILER_GLOBAL_ACCENT_COLOR_NAME = AccentColor;
				CODE_SIGN_STYLE = Automatic;
				CURRENT_PROJECT_VERSION = 9;
				DEVELOPMENT_ASSET_PATHS = "\"TiTiCalculator/Preview Content\"";
				DEVELOPMENT_TEAM = KSY9NMG6B8;
				ENABLE_PREVIEWS = YES;
				GENERATE_INFOPLIST_FILE = YES;
				INFOPLIST_FILE = TiTiCalculator/Info.plist;
				INFOPLIST_KEY_CFBundleDisplayName = "Máy Tính TiTi";
				INFOPLIST_KEY_UIApplicationSceneManifest_Generation = YES;
				INFOPLIST_KEY_UIApplicationSupportsIndirectInputEvents = YES;
				INFOPLIST_KEY_UILaunchScreen_Generation = YES;
				INFOPLIST_KEY_UISupportedInterfaceOrientations_iPad = "UIInterfaceOrientationPortrait UIInterfaceOrientationPortraitUpsideDown UIInterfaceOrientationLandscapeLeft UIInterfaceOrientationLandscapeRight";
				INFOPLIST_KEY_UISupportedInterfaceOrientations_iPhone = "UIInterfaceOrientationPortrait UIInterfaceOrientationLandscapeLeft UIInterfaceOrientationLandscapeRight";
				IPHONEOS_DEPLOYMENT_TARGET = 15.0;
				LD_RUNPATH_SEARCH_PATHS = (
					"$(inherited)",
					"@executable_path/Frameworks",
				);
				MARKETING_VERSION = 1.0.20221005;
				PRODUCT_BUNDLE_IDENTIFIER = vn.maytech.calculator;
				PRODUCT_NAME = "$(TARGET_NAME)";
				SWIFT_EMIT_LOC_STRINGS = YES;
				SWIFT_VERSION = 5.0;
				TARGETED_DEVICE_FAMILY = 1;
			};
			name = Debug;
		};
		B2F7631E28C0FA2E0084662D /* Release */ = {
			isa = XCBuildConfiguration;
			buildSettings = {
				ASSETCATALOG_COMPILER_APPICON_NAME = AppIcon;
				ASSETCATALOG_COMPILER_GLOBAL_ACCENT_COLOR_NAME = AccentColor;
				CODE_SIGN_STYLE = Automatic;
				CURRENT_PROJECT_VERSION = 9;
				DEVELOPMENT_ASSET_PATHS = "\"TiTiCalculator/Preview Content\"";
				DEVELOPMENT_TEAM = KSY9NMG6B8;
				ENABLE_PREVIEWS = YES;
				GENERATE_INFOPLIST_FILE = YES;
				INFOPLIST_FILE = TiTiCalculator/Info.plist;
				INFOPLIST_KEY_CFBundleDisplayName = "Máy Tính TiTi";
				INFOPLIST_KEY_UIApplicationSceneManifest_Generation = YES;
				INFOPLIST_KEY_UIApplicationSupportsIndirectInputEvents = YES;
				INFOPLIST_KEY_UILaunchScreen_Generation = YES;
				INFOPLIST_KEY_UISupportedInterfaceOrientations_iPad = "UIInterfaceOrientationPortrait UIInterfaceOrientationPortraitUpsideDown UIInterfaceOrientationLandscapeLeft UIInterfaceOrientationLandscapeRight";
				INFOPLIST_KEY_UISupportedInterfaceOrientations_iPhone = "UIInterfaceOrientationPortrait UIInterfaceOrientationLandscapeLeft UIInterfaceOrientationLandscapeRight";
				IPHONEOS_DEPLOYMENT_TARGET = 15.0;
				LD_RUNPATH_SEARCH_PATHS = (
					"$(inherited)",
					"@executable_path/Frameworks",
				);
				MARKETING_VERSION = 1.0.20221005;
				PRODUCT_BUNDLE_IDENTIFIER = vn.maytech.calculator;
				PRODUCT_NAME = "$(TARGET_NAME)";
				SWIFT_EMIT_LOC_STRINGS = YES;
				SWIFT_VERSION = 5.0;
				TARGETED_DEVICE_FAMILY = 1;
			};
			name = Release;
		};
/* End XCBuildConfiguration section */

/* Begin XCConfigurationList section */
		B2F7630928C0FA2B0084662D /* Build configuration list for PBXProject "TiTiCalculator" */ = {
			isa = XCConfigurationList;
			buildConfigurations = (
				B2F7631A28C0FA2E0084662D /* Debug */,
				B2F7631B28C0FA2E0084662D /* Release */,
			);
			defaultConfigurationIsVisible = 0;
			defaultConfigurationName = Release;
		};
		B2F7631C28C0FA2E0084662D /* Build configuration list for PBXNativeTarget "TiTiCalculator" */ = {
			isa = XCConfigurationList;
			buildConfigurations = (
				B2F7631D28C0FA2E0084662D /* Debug */,
				B2F7631E28C0FA2E0084662D /* Release */,
			);
			defaultConfigurationIsVisible = 0;
			defaultConfigurationName = Release;
		};
/* End XCConfigurationList section */

/* Begin XCRemoteSwiftPackageReference section */
		B201119628D3167400E21359 /* XCRemoteSwiftPackageReference "neumorphic" */ = {
			isa = XCRemoteSwiftPackageReference;
			repositoryURL = "https://github.com/costachung/neumorphic/";
			requirement = {
				branch = master;
				kind = branch;
			};
		};
		B2A08658290FBAA900737DF0 /* XCRemoteSwiftPackageReference "NukeUI" */ = {
			isa = XCRemoteSwiftPackageReference;
			repositoryURL = "https://github.com/kean/NukeUI.git";
			requirement = {
				branch = main;
				kind = branch;
			};
		};
/* End XCRemoteSwiftPackageReference section */

/* Begin XCSwiftPackageProductDependency section */
		B201119728D3167400E21359 /* Neumorphic */ = {
			isa = XCSwiftPackageProductDependency;
			package = B201119628D3167400E21359 /* XCRemoteSwiftPackageReference "neumorphic" */;
			productName = Neumorphic;
		};
		B2A08659290FBAA900737DF0 /* NukeUI */ = {
			isa = XCSwiftPackageProductDependency;
			package = B2A08658290FBAA900737DF0 /* XCRemoteSwiftPackageReference "NukeUI" */;
			productName = NukeUI;
		};
/* End XCSwiftPackageProductDependency section */
	};
	rootObject = B2F7630628C0FA2B0084662D /* Project object */;
}
